
Microsoft Visual Studio Solution File, Format Version 12.00
# Visual Studio 15
VisualStudioVersion = 15.0.26730.16
MinimumVisualStudioVersion = 10.0.40219.1
Project("{FAE04EC0-301F-11D3-BF4B-00C04F79EFBC}") = "CRG08", "CRG08\CRG08.csproj", "{DEAB7D3B-E41D-443D-BFE8-B9CB54F40F72}"
EndProject
Global
	GlobalSection(SolutionConfigurationPlatforms) = preSolution
		Debug|Any CPU = Debug|Any CPU
		Debug|x86 = Debug|x86
		Release|Any CPU = Release|Any CPU
		Release|x86 = Release|x86
	EndGlobalSection
	GlobalSection(ProjectConfigurationPlatforms) = postSolution
		{DEAB7D3B-E41D-443D-BFE8-B9CB54F40F72}.Debug|Any CPU.ActiveCfg = Debug|Any CPU
		{DEAB7D3B-E41D-443D-BFE8-B9CB54F40F72}.Debug|Any CPU.Build.0 = Debug|Any CPU
		{DEAB7D3B-E41D-443D-BFE8-B9CB54F40F72}.Debug|x86.ActiveCfg = Debug|x86
		{DEAB7D3B-E41D-443D-BFE8-B9CB54F40F72}.Debug|x86.Build.0 = Debug|x86
		{DEAB7D3B-E41D-443D-BFE8-B9CB54F40F72}.Release|Any CPU.ActiveCfg = Release|Any CPU
		{DEAB7D3B-E41D-443D-BFE8-B9CB54F40F72}.Release|Any CPU.Build.0 = Release|Any CPU
		{DEAB7D3B-E41D-443D-BFE8-B9CB54F40F72}.Release|x86.ActiveCfg = Release|x86
		{DEAB7D3B-E41D-443D-BFE8-B9CB54F40F72}.Release|x86.Build.0 = Release|x86
	EndGlobalSection
	GlobalSection(SolutionProperties) = preSolution
		HideSolutionNode = FALSE
	EndGlobalSection
	GlobalSection(ExtensibilityGlobals) = postSolution
		SolutionGuid = {103D7CFE-7AD7-4357-AA97-E1E7680B35F4}
	EndGlobalSection
EndGlobal
